
Microsoft Visual Studio Solution File, Format Version 12.00
# Visual Studio 15
VisualStudioVersion = 15.0.28010.2041
MinimumVisualStudioVersion = 10.0.40219.1
Project("{FAE04EC0-301F-11D3-BF4B-00C04F79EFBC}") = "Flughafen", "Flughafen\Flughafen.csproj", "{473100A0-20DF-4B8F-BCBE-BAF5C0CC5D28}"
EndProject
Global
	GlobalSection(SolutionConfigurationPlatforms) = preSolution
		Debug|Any CPU = Debug|Any CPU
		Release|Any CPU = Release|Any CPU
	EndGlobalSection
	GlobalSection(ProjectConfigurationPlatforms) = postSolution
		{473100A0-20DF-4B8F-BCBE-BAF5C0CC5D28}.Debug|Any CPU.ActiveCfg = Debug|Any CPU
		{473100A0-20DF-4B8F-BCBE-BAF5C0CC5D28}.Debug|Any CPU.Build.0 = Debug|Any CPU
		{473100A0-20DF-4B8F-BCBE-BAF5C0CC5D28}.Release|Any CPU.ActiveCfg = Release|Any CPU
		{473100A0-20DF-4B8F-BCBE-BAF5C0CC5D28}.Release|Any CPU.Build.0 = Release|Any CPU
	EndGlobalSection
	GlobalSection(SolutionProperties) = preSolution
		HideSolutionNode = FALSE
	EndGlobalSection
	GlobalSection(ExtensibilityGlobals) = postSolution
		SolutionGuid = {188E4495-4818-47D8-A5A5-3D93D0B57ED8}
	EndGlobalSection
EndGlobal
